
Microsoft Visual Studio Solution File, Format Version 12.00
# Visual Studio Version 17
VisualStudioVersion = 17.6.33513.286
MinimumVisualStudioVersion = 10.0.40219.1
Project("{9A19103F-16F7-4668-BE54-9A1E7A4F7556}") = "Gateway", "src\Gateway\Gateway.csproj", "{1703F984-4CDC-462D-BB75-B671DC98B57F}"
EndProject
Project("{2150E333-8FDC-42A3-9474-1A3956D46DE8}") = "src", "src", "{B0740D44-FED2-4BA9-B053-89E26D408410}"
EndProject
Global
	GlobalSection(SolutionConfigurationPlatforms) = preSolution
		Debug|Any CPU = Debug|Any CPU
		Release|Any CPU = Release|Any CPU
	EndGlobalSection
	GlobalSection(ProjectConfigurationPlatforms) = postSolution
		{1703F984-4CDC-462D-BB75-B671DC98B57F}.Debug|Any CPU.ActiveCfg = Debug|Any CPU
		{1703F984-4CDC-462D-BB75-B671DC98B57F}.Debug|Any CPU.Build.0 = Debug|Any CPU
		{1703F984-4CDC-462D-BB75-B671DC98B57F}.Release|Any CPU.ActiveCfg = Release|Any CPU
		{1703F984-4CDC-462D-BB75-B671DC98B57F}.Release|Any CPU.Build.0 = Release|Any CPU
	EndGlobalSection
	GlobalSection(SolutionProperties) = preSolution
		HideSolutionNode = FALSE
	EndGlobalSection
	GlobalSection(NestedProjects) = preSolution
		{1703F984-4CDC-462D-BB75-B671DC98B57F} = {B0740D44-FED2-4BA9-B053-89E26D408410}
	EndGlobalSection
	GlobalSection(ExtensibilityGlobals) = postSolution
		SolutionGuid = {C3772E2B-02C4-48D5-903E-3862A96177BE}
	EndGlobalSection
EndGlobal
